
Microsoft Visual Studio Solution File, Format Version 11.00
# Visual Studio 2010
Project("{FAE04EC0-301F-11D3-BF4B-00C04F79EFBC}") = "ParticalExplosion", "Assembly-CSharp.csproj", "{FD71746B-C1B5-968A-4EB2-F44FB1028235}"
EndProject
Global
	GlobalSection(SolutionConfigurationPlatforms) = preSolution
		Debug|Any CPU = Debug|Any CPU
		Release|Any CPU = Release|Any CPU
	EndGlobalSection
	GlobalSection(ProjectConfigurationPlatforms) = postSolution
		{FD71746B-C1B5-968A-4EB2-F44FB1028235}.Debug|Any CPU.ActiveCfg = Debug|Any CPU
		{FD71746B-C1B5-968A-4EB2-F44FB1028235}.Debug|Any CPU.Build.0 = Debug|Any CPU
		{FD71746B-C1B5-968A-4EB2-F44FB1028235}.Release|Any CPU.ActiveCfg = Release|Any CPU
		{FD71746B-C1B5-968A-4EB2-F44FB1028235}.Release|Any CPU.Build.0 = Release|Any CPU
	EndGlobalSection
	GlobalSection(SolutionProperties) = preSolution
		HideSolutionNode = FALSE
	EndGlobalSection
	GlobalSection(MonoDevelopProperties) = preSolution
		StartupItem = Assembly-CSharp.csproj
	EndGlobalSection
EndGlobal
